# THIS IS AN AUTOGENERATED FILE. DO NOT EDIT THIS FILE DIRECTLY.
# yarn lockfile v1


"@types/node@^9.4.6":
  version "9.4.6"
  resolved "https://registry.yarnpkg.com/@types/node/-/node-9.4.6.tgz#d8176d864ee48753d053783e4e463aec86b8d82e"

"@types/strip-bom@^3.0.0":
  version "3.0.0"
  resolved "https://registry.yarnpkg.com/@types/strip-bom/-/strip-bom-3.0.0.tgz#14a8ec3956c2e81edb7520790aecf21c290aebd2"

"@types/strip-json-comments@0.0.30":
  version "0.0.30"
  resolved "https://registry.yarnpkg.com/@types/strip-json-comments/-/strip-json-comments-0.0.30.tgz#9aa30c04db212a9a0649d6ae6fd50accc40748a1"

strip-bom@^3.0.0:
  version "3.0.0"
  resolved "https://registry.yarnpkg.com/strip-bom/-/strip-bom-3.0.0.tgz#2334c18e9c759f7bdd56fdef7e9ae3d588e68ed3"

strip-json-comments@^2.0.0:
  version "2.0.1"
  resolved "https://registry.yarnpkg.com/strip-json-comments/-/strip-json-comments-2.0.1.tgz#3c531942e908c2697c0ec344858c286c7ca0a60a"

tsconfig@^7.0.0:
  version "7.0.0"
  resolved "https://registry.yarnpkg.com/tsconfig/-/tsconfig-7.0.0.tgz#84538875a4dc216e5c4a5432b3a4dec3d54e91b7"
  dependencies:
    "@types/strip-bom" "^3.0.0"
    "@types/strip-json-comments" "0.0.30"
    strip-bom "^3.0.0"
    strip-json-comments "^2.0.0"

typescript@^2.7.2:
  version "2.7.2"
  resolved "https://registry.yarnpkg.com/typescript/-/typescript-2.7.2.tgz#2d615a1ef4aee4f574425cdff7026edf81919836"
